
Microsoft Visual Studio Solution File, Format Version 12.00
# Visual Studio 15
VisualStudioVersion = 15.0.28010.2019
MinimumVisualStudioVersion = 10.0.40219.1
Project("{2150E333-8FDC-42A3-9474-1A3956D46DE8}") = "src", "src", "{F627DCF3-D970-4225-A22B-A186BEEA9BD7}"
EndProject
Project("{2150E333-8FDC-42A3-9474-1A3956D46DE8}") = "services", "services", "{DFCAB81B-935D-43F1-93B0-FF0A822B4EA6}"
EndProject
Project("{2150E333-8FDC-42A3-9474-1A3956D46DE8}") = "web", "web", "{A930F072-EB90-4E52-8FD6-D3863E8B5BC6}"
EndProject
Project("{FAE04EC0-301F-11D3-BF4B-00C04F79EFBC}") = "EventCatalogAPI", "EventCatalogAPI\EventCatalogAPI.csproj", "{0BCFDBFD-42DE-485C-BC0D-210C51693B54}"
EndProject
Global
	GlobalSection(SolutionConfigurationPlatforms) = preSolution
		Debug|Any CPU = Debug|Any CPU
		Release|Any CPU = Release|Any CPU
	EndGlobalSection
	GlobalSection(ProjectConfigurationPlatforms) = postSolution
		{0BCFDBFD-42DE-485C-BC0D-210C51693B54}.Debug|Any CPU.ActiveCfg = Debug|Any CPU
		{0BCFDBFD-42DE-485C-BC0D-210C51693B54}.Debug|Any CPU.Build.0 = Debug|Any CPU
		{0BCFDBFD-42DE-485C-BC0D-210C51693B54}.Release|Any CPU.ActiveCfg = Release|Any CPU
		{0BCFDBFD-42DE-485C-BC0D-210C51693B54}.Release|Any CPU.Build.0 = Release|Any CPU
	EndGlobalSection
	GlobalSection(SolutionProperties) = preSolution
		HideSolutionNode = FALSE
	EndGlobalSection
	GlobalSection(NestedProjects) = preSolution
		{DFCAB81B-935D-43F1-93B0-FF0A822B4EA6} = {F627DCF3-D970-4225-A22B-A186BEEA9BD7}
		{A930F072-EB90-4E52-8FD6-D3863E8B5BC6} = {F627DCF3-D970-4225-A22B-A186BEEA9BD7}
		{0BCFDBFD-42DE-485C-BC0D-210C51693B54} = {DFCAB81B-935D-43F1-93B0-FF0A822B4EA6}
	EndGlobalSection
	GlobalSection(ExtensibilityGlobals) = postSolution
		SolutionGuid = {139503B2-588D-4EC2-9EF5-D17C42FCB53A}
	EndGlobalSection
EndGlobal
